Microsoft Visual Studio Solution File, Format Version 12.00
# Visual Studio Version 17
VisualStudioVersion = 17.5.2.0
MinimumVisualStudioVersion = 10.0.40219.1
Project("{FAE04EC0-301F-11D3-BF4B-00C04F79EFBC}") = "myProject", "myProject.csproj", "{D17189B9-4484-17C2-6272-5467C2AAFC79}"
EndProject
Global
	GlobalSection(SolutionConfigurationPlatforms) = preSolution
		Debug|Any CPU = Debug|Any CPU
		Release|Any CPU = Release|Any CPU
	EndGlobalSection
	GlobalSection(ProjectConfigurationPlatforms) = postSolution
		{D17189B9-4484-17C2-6272-5467C2AAFC79}.Debug|Any CPU.ActiveCfg = Debug|Any CPU
		{D17189B9-4484-17C2-6272-5467C2AAFC79}.Debug|Any CPU.Build.0 = Debug|Any CPU
		{D17189B9-4484-17C2-6272-5467C2AAFC79}.Release|Any CPU.ActiveCfg = Release|Any CPU
		{D17189B9-4484-17C2-6272-5467C2AAFC79}.Release|Any CPU.Build.0 = Release|Any CPU
	EndGlobalSection
	GlobalSection(SolutionProperties) = preSolution
		HideSolutionNode = FALSE
	EndGlobalSection
	GlobalSection(ExtensibilityGlobals) = postSolution
		SolutionGuid = {D7263DA0-9D9B-445F-93E9-D5372CDC9F97}
	EndGlobalSection
EndGlobal
